// !$*UTF8*$!
{
	archiveVersion = 1;
	classes = {
	};
	objectVersion = 46;
	objects = {

/* Begin PBXBuildFile section */
		441451DF1A68858200D481C0 /* .gitignore in Resources */ = {isa = PBXBuildFile; fileRef = 441451D81A68858200D481C0 /* .gitignore */; };
		441451E01A68858200D481C0 /* dpad.png in Resources */ = {isa = PBXBuildFile; fileRef = 441451D91A68858200D481C0 /* dpad.png */; };
		441451E11A68858200D481C0 /* Joystick.m in Sources */ = {isa = PBXBuildFile; fileRef = 441451DB1A68858200D481C0 /* Joystick.m */; };
		441451E21A68858200D481C0 /* joystick.png in Resources */ = {isa = PBXBuildFile; fileRef = 441451DC1A68858200D481C0 /* joystick.png */; };
		441451E31A68858200D481C0 /* pic.png in Resources */ = {isa = PBXBuildFile; fileRef = 441451DD1A68858200D481C0 /* pic.png */; };
		441451E41A68858200D481C0 /* README.md in Sources */ = {isa = PBXBuildFile; fileRef = 441451DE1A68858200D481C0 /* README.md */; };
		441451E71A68B16100D481C0 /* World.m in Sources */ = {isa = PBXBuildFile; fileRef = 441451E61A68B16100D481C0 /* World.m */; };
		441451EA1A68C2E900D481C0 /* FirstWorld.m in Sources */ = {isa = PBXBuildFile; fileRef = 441451E91A68C2E900D481C0 /* FirstWorld.m */; };
		441451ED1A68C35A00D481C0 /* SecondWorld.m in Sources */ = {isa = PBXBuildFile; fileRef = 441451EC1A68C35A00D481C0 /* SecondWorld.m */; };
		441451F01A68C36000D481C0 /* ThirdWorld.m in Sources */ = {isa = PBXBuildFile; fileRef = 441451EF1A68C36000D481C0 /* ThirdWorld.m */; };
		441451F31A68C36700D481C0 /* FourthWorld.m in Sources */ = {isa = PBXBuildFile; fileRef = 441451F21A68C36700D481C0 /* FourthWorld.m */; };
		441451F71A68D08B00D481C0 /* Player.m in Sources */ = {isa = PBXBuildFile; fileRef = 441451F61A68D08B00D481C0 /* Player.m */; };
		442D35F41A683F7B0017DDF6 /* main.m in Sources */ = {isa = PBXBuildFile; fileRef = 442D35F31A683F7B0017DDF6 /* main.m */; };
		442D35F71A683F7B0017DDF6 /* AppDelegate.m in Sources */ = {isa = PBXBuildFile; fileRef = 442D35F61A683F7B0017DDF6 /* AppDelegate.m */; };
		442D35FC1A683F7B0017DDF6 /* GameScene.sks in Resources */ = {isa = PBXBuildFile; fileRef = 442D35FB1A683F7B0017DDF6 /* GameScene.sks */; };
		442D36021A683F7B0017DDF6 /* Main.storyboard in Resources */ = {isa = PBXBuildFile; fileRef = 442D36001A683F7B0017DDF6 /* Main.storyboard */; };
		442D36041A683F7C0017DDF6 /* Images.xcassets in Resources */ = {isa = PBXBuildFile; fileRef = 442D36031A683F7C0017DDF6 /* Images.xcassets */; };
		442D36071A683F7C0017DDF6 /* LaunchScreen.xib in Resources */ = {isa = PBXBuildFile; fileRef = 442D36051A683F7C0017DDF6 /* LaunchScreen.xib */; };
		442D36131A683F7C0017DDF6 /* TankAttackTests.m in Sources */ = {isa = PBXBuildFile; fileRef = 442D36121A683F7C0017DDF6 /* TankAttackTests.m */; };
		442D36221A6840CE0017DDF6 /* GameViewController.m in Sources */ = {isa = PBXBuildFile; fileRef = 442D361F1A6840CE0017DDF6 /* GameViewController.m */; };
		442D36251A6849680017DDF6 /* SplashScreen.m in Sources */ = {isa = PBXBuildFile; fileRef = 442D36241A6849680017DDF6 /* SplashScreen.m */; };
/* End PBXBuildFile section */

/* Begin PBXContainerItemProxy section */
		442D360D1A683F7C0017DDF6 /* PBXContainerItemProxy */ = {
			isa = PBXContainerItemProxy;
			containerPortal = 442D35E61A683F7B0017DDF6 /* Project object */;
			proxyType = 1;
			remoteGlobalIDString = 442D35ED1A683F7B0017DDF6;
			remoteInfo = TankAttack;
		};
/* End PBXContainerItemProxy section */

/* Begin PBXFileReference section */
		441451D81A68858200D481C0 /* .gitignore */ = {isa = PBXFileReference; fileEncoding = 4; lastKnownFileType = text; path = .gitignore; sourceTree = "<group>"; };
		441451D91A68858200D481C0 /* dpad.png */ = {isa = PBXFileReference; lastKnownFileType = image.png; path = dpad.png; sourceTree = "<group>"; };
		441451DA1A68858200D481C0 /* Joystick.h */ = {isa = PBXFileReference; fileEncoding = 4; lastKnownFileType = sourcecode.c.h; path = Joystick.h; sourceTree = "<group>"; };
		441451DB1A68858200D481C0 /* Joystick.m */ = {isa = PBXFileReference; fileEncoding = 4; lastKnownFileType = sourcecode.c.objc; path = Joystick.m; sourceTree = "<group>"; };
		441451DC1A68858200D481C0 /* joystick.png */ = {isa = PBXFileReference; lastKnownFileType = image.png; path = joystick.png; sourceTree = "<group>"; };
		441451DD1A68858200D481C0 /* pic.png */ = {isa = PBXFileReference; lastKnownFileType = image.png; path = pic.png; sourceTree = "<group>"; };
		441451DE1A68858200D481C0 /* README.md */ = {isa = PBXFileReference; fileEncoding = 4; lastKnownFileType = net.daringfireball.markdown; path = README.md; sourceTree = "<group>"; };
		441451E51A68B16100D481C0 /* World.h */ = {isa = PBXFileReference; fileEncoding = 4; lastKnownFileType = sourcecode.c.h; path = World.h; sourceTree = "<group>"; };
		441451E61A68B16100D481C0 /* World.m */ = {isa = PBXFileReference; fileEncoding = 4; lastKnownFileType = sourcecode.c.objc; path = World.m; sourceTree = "<group>"; };
		441451E81A68C2E900D481C0 /* FirstWorld.h */ = {isa = PBXFileReference; fileEncoding = 4; lastKnownFileType = sourcecode.c.h; path = FirstWorld.h; sourceTree = "<group>"; };
		441451E91A68C2E900D481C0 /* FirstWorld.m */ = {isa = PBXFileReference; fileEncoding = 4; lastKnownFileType = sourcecode.c.objc; path = FirstWorld.m; sourceTree = "<group>"; };
		441451EB1A68C35A00D481C0 /* SecondWorld.h */ = {isa = PBXFileReference; fileEncoding = 4; lastKnownFileType = sourcecode.c.h; path = SecondWorld.h; sourceTree = "<group>"; };
		441451EC1A68C35A00D481C0 /* SecondWorld.m */ = {isa = PBXFileReference; fileEncoding = 4; lastKnownFileType = sourcecode.c.objc; path = SecondWorld.m; sourceTree = "<group>"; };
		441451EE1A68C36000D481C0 /* ThirdWorld.h */ = {isa = PBXFileReference; fileEncoding = 4; lastKnownFileType = sourcecode.c.h; path = ThirdWorld.h; sourceTree = "<group>"; };
		441451EF1A68C36000D481C0 /* ThirdWorld.m */ = {isa = PBXFileReference; fileEncoding = 4; lastKnownFileType = sourcecode.c.objc; path = ThirdWorld.m; sourceTree = "<group>"; };
		441451F11A68C36700D481C0 /* FourthWorld.h */ = {isa = PBXFileReference; fileEncoding = 4; lastKnownFileType = sourcecode.c.h; path = FourthWorld.h; sourceTree = "<group>"; };
		441451F21A68C36700D481C0 /* FourthWorld.m */ = {isa = PBXFileReference; fileEncoding = 4; lastKnownFileType = sourcecode.c.objc; path = FourthWorld.m; sourceTree = "<group>"; };
		441451F51A68D08B00D481C0 /* Player.h */ = {isa = PBXFileReference; fileEncoding = 4; lastKnownFileType = sourcecode.c.h; name = Player.h; path = Sprites/Player.h; sourceTree = "<group>"; };
		441451F61A68D08B00D481C0 /* Player.m */ = {isa = PBXFileReference; fileEncoding = 4; lastKnownFileType = sourcecode.c.objc; name = Player.m; path = Sprites/Player.m; sourceTree = "<group>"; };
		442D35EE1A683F7B0017DDF6 /* TankAttack.app */ = {isa = PBXFileReference; explicitFileType = wrapper.application; includeInIndex = 0; path = TankAttack.app; sourceTree = BUILT_PRODUCTS_DIR; };
		442D35F21A683F7B0017DDF6 /* Info.plist */ = {isa = PBXFileReference; lastKnownFileType = text.plist.xml; path = Info.plist; sourceTree = "<group>"; };
		442D35F31A683F7B0017DDF6 /* main.m */ = {isa = PBXFileReference; lastKnownFileType = sourcecode.c.objc; path = main.m; sourceTree = "<group>"; };
		442D35F51A683F7B0017DDF6 /* AppDelegate.h */ = {isa = PBXFileReference; lastKnownFileType = sourcecode.c.h; path = AppDelegate.h; sourceTree = "<group>"; };
		442D35F61A683F7B0017DDF6 /* AppDelegate.m */ = {isa = PBXFileReference; lastKnownFileType = sourcecode.c.objc; path = AppDelegate.m; sourceTree = "<group>"; };
		442D35FB1A683F7B0017DDF6 /* GameScene.sks */ = {isa = PBXFileReference; lastKnownFileType = file.sks; name = GameScene.sks; path = ../GameScene.sks; sourceTree = "<group>"; };
		442D36011A683F7B0017DDF6 /* Base */ = {isa = PBXFileReference; lastKnownFileType = file.storyboard; name = Base; path = Base.lproj/Main.storyboard; sourceTree = "<group>"; };
		442D36031A683F7C0017DDF6 /* Images.xcassets */ = {isa = PBXFileReference; lastKnownFileType = folder.assetcatalog; path = Images.xcassets; sourceTree = "<group>"; };
		442D36061A683F7C0017DDF6 /* Base */ = {isa = PBXFileReference; lastKnownFileType = file.xib; name = Base; path = Base.lproj/LaunchScreen.xib; sourceTree = "<group>"; };
		442D360C1A683F7C0017DDF6 /* TankAttackTests.xctest */ = {isa = PBXFileReference; explicitFileType = wrapper.cfbundle; includeInIndex = 0; path = TankAttackTests.xctest; sourceTree = BUILT_PRODUCTS_DIR; };
		442D36111A683F7C0017DDF6 /* Info.plist */ = {isa = PBXFileReference; lastKnownFileType = text.plist.xml; path = Info.plist; sourceTree = "<group>"; };
		442D36121A683F7C0017DDF6 /* TankAttackTests.m */ = {isa = PBXFileReference; lastKnownFileType = sourcecode.c.objc; path = TankAttackTests.m; sourceTree = "<group>"; };
		442D361E1A6840CE0017DDF6 /* GameViewController.h */ = {isa = PBXFileReference; fileEncoding = 4; lastKnownFileType = sourcecode.c.h; path = GameViewController.h; sourceTree = "<group>"; };
		442D361F1A6840CE0017DDF6 /* GameViewController.m */ = {isa = PBXFileReference; fileEncoding = 4; lastKnownFileType = sourcecode.c.objc; path = GameViewController.m; sourceTree = "<group>"; };
		442D36231A6849680017DDF6 /* SplashScreen.h */ = {isa = PBXFileReference; fileEncoding = 4; lastKnownFileType = sourcecode.c.h; path = SplashScreen.h; sourceTree = "<group>"; };
		442D36241A6849680017DDF6 /* SplashScreen.m */ = {isa = PBXFileReference; fileEncoding = 4; lastKnownFileType = sourcecode.c.objc; path = SplashScreen.m; sourceTree = "<group>"; };
/* End PBXFileReference section */

/* Begin PBXFrameworksBuildPhase section */
		442D35EB1A683F7B0017DDF6 /* Frameworks */ = {
			isa = PBXFrameworksBuildPhase;
			buildActionMask = 2147483647;
			files = (
			);
			runOnlyForDeploymentPostprocessing = 0;
		};
		442D36091A683F7C0017DDF6 /* Frameworks */ = {
			isa = PBXFrameworksBuildPhase;
			buildActionMask = 2147483647;
			files = (
			);
			runOnlyForDeploymentPostprocessing = 0;
		};
/* End PBXFrameworksBuildPhase section */

/* Begin PBXGroup section */
		441451D71A68858200D481C0 /* Joystick */ = {
			isa = PBXGroup;
			children = (
				441451D81A68858200D481C0 /* .gitignore */,
				441451D91A68858200D481C0 /* dpad.png */,
				441451DA1A68858200D481C0 /* Joystick.h */,
				441451DB1A68858200D481C0 /* Joystick.m */,
				441451DC1A68858200D481C0 /* joystick.png */,
				441451DD1A68858200D481C0 /* pic.png */,
				441451DE1A68858200D481C0 /* README.md */,
			);
			path = Joystick;
			sourceTree = "<group>";
		};
		441451F41A68D07000D481C0 /* Sprites */ = {
			isa = PBXGroup;
			children = (
				441451F51A68D08B00D481C0 /* Player.h */,
				441451F61A68D08B00D481C0 /* Player.m */,
			);
			name = Sprites;
			sourceTree = "<group>";
		};
		442D35E51A683F7B0017DDF6 = {
			isa = PBXGroup;
			children = (
				442D35F01A683F7B0017DDF6 /* TankAttack */,
				442D360F1A683F7C0017DDF6 /* TankAttackTests */,
				442D35EF1A683F7B0017DDF6 /* Products */,
			);
			sourceTree = "<group>";
		};
		442D35EF1A683F7B0017DDF6 /* Products */ = {
			isa = PBXGroup;
			children = (
				442D35EE1A683F7B0017DDF6 /* TankAttack.app */,
				442D360C1A683F7C0017DDF6 /* TankAttackTests.xctest */,
			);
			name = Products;
			sourceTree = "<group>";
		};
		442D35F01A683F7B0017DDF6 /* TankAttack */ = {
			isa = PBXGroup;
			children = (
				441451F41A68D07000D481C0 /* Sprites */,
				441451D71A68858200D481C0 /* Joystick */,
				442D361D1A6840CE0017DDF6 /* Controller */,
				442D36201A6840CE0017DDF6 /* Model */,
				442D36211A6840CE0017DDF6 /* View */,
				442D35F51A683F7B0017DDF6 /* AppDelegate.h */,
				442D35F61A683F7B0017DDF6 /* AppDelegate.m */,
				442D36031A683F7C0017DDF6 /* Images.xcassets */,
				442D35F11A683F7B0017DDF6 /* Supporting Files */,
			);
			path = TankAttack;
			sourceTree = "<group>";
		};
		442D35F11A683F7B0017DDF6 /* Supporting Files */ = {
			isa = PBXGroup;
			children = (
				442D35F21A683F7B0017DDF6 /* Info.plist */,
				442D35F31A683F7B0017DDF6 /* main.m */,
			);
			name = "Supporting Files";
			sourceTree = "<group>";
		};
		442D360F1A683F7C0017DDF6 /* TankAttackTests */ = {
			isa = PBXGroup;
			children = (
				442D36121A683F7C0017DDF6 /* TankAttackTests.m */,
				442D36101A683F7C0017DDF6 /* Supporting Files */,
			);
			path = TankAttackTests;
			sourceTree = "<group>";
		};
		442D36101A683F7C0017DDF6 /* Supporting Files */ = {
			isa = PBXGroup;
			children = (
				442D36111A683F7C0017DDF6 /* Info.plist */,
			);
			name = "Supporting Files";
			sourceTree = "<group>";
		};
		442D361D1A6840CE0017DDF6 /* Controller */ = {
			isa = PBXGroup;
			children = (
				442D361E1A6840CE0017DDF6 /* GameViewController.h */,
				442D361F1A6840CE0017DDF6 /* GameViewController.m */,
				442D36231A6849680017DDF6 /* SplashScreen.h */,
				442D36241A6849680017DDF6 /* SplashScreen.m */,
			);
			path = Controller;
			sourceTree = "<group>";
		};
		442D36201A6840CE0017DDF6 /* Model */ = {
			isa = PBXGroup;
			children = (
				441451E51A68B16100D481C0 /* World.h */,
				441451E61A68B16100D481C0 /* World.m */,
				441451E81A68C2E900D481C0 /* FirstWorld.h */,
				441451E91A68C2E900D481C0 /* FirstWorld.m */,
				441451EB1A68C35A00D481C0 /* SecondWorld.h */,
				441451EC1A68C35A00D481C0 /* SecondWorld.m */,
				441451EE1A68C36000D481C0 /* ThirdWorld.h */,
				441451EF1A68C36000D481C0 /* ThirdWorld.m */,
				441451F11A68C36700D481C0 /* FourthWorld.h */,
				441451F21A68C36700D481C0 /* FourthWorld.m */,
			);
			path = Model;
			sourceTree = "<group>";
		};
		442D36211A6840CE0017DDF6 /* View */ = {
			isa = PBXGroup;
			children = (
				442D35FB1A683F7B0017DDF6 /* GameScene.sks */,
				442D36001A683F7B0017DDF6 /* Main.storyboard */,
				442D36051A683F7C0017DDF6 /* LaunchScreen.xib */,
			);
			path = View;
			sourceTree = "<group>";
		};
/* End PBXGroup section */

/* Begin PBXNativeTarget section */
		442D35ED1A683F7B0017DDF6 /* TankAttack */ = {
			isa = PBXNativeTarget;
			buildConfigurationList = 442D36161A683F7C0017DDF6 /* Build configuration list for PBXNativeTarget "TankAttack" */;
			buildPhases = (
				442D35EA1A683F7B0017DDF6 /* Sources */,
				442D35EB1A683F7B0017DDF6 /* Frameworks */,
				442D35EC1A683F7B0017DDF6 /* Resources */,
			);
			buildRules = (
			);
			dependencies = (
			);
			name = TankAttack;
			productName = TankAttack;
			productReference = 442D35EE1A683F7B0017DDF6 /* TankAttack.app */;
			productType = "com.apple.product-type.application";
		};
		442D360B1A683F7C0017DDF6 /* TankAttackTests */ = {
			isa = PBXNativeTarget;
			buildConfigurationList = 442D36191A683F7C0017DDF6 /* Build configuration list for PBXNativeTarget "TankAttackTests" */;
			buildPhases = (
				442D36081A683F7C0017DDF6 /* Sources */,
				442D36091A683F7C0017DDF6 /* Frameworks */,
				442D360A1A683F7C0017DDF6 /* Resources */,
			);
			buildRules = (
			);
			dependencies = (
				442D360E1A683F7C0017DDF6 /* PBXTargetDependency */,
			);
			name = TankAttackTests;
			productName = TankAttackTests;
			productReference = 442D360C1A683F7C0017DDF6 /* TankAttackTests.xctest */;
			productType = "com.apple.product-type.bundle.unit-test";
		};
/* End PBXNativeTarget section */

/* Begin PBXProject section */
		442D35E61A683F7B0017DDF6 /* Project object */ = {
			isa = PBXProject;
			attributes = {
				LastUpgradeCheck = 0610;
				ORGANIZATIONNAME = "Ruslan Ardashev";
				TargetAttributes = {
					442D35ED1A683F7B0017DDF6 = {
						CreatedOnToolsVersion = 6.1.1;
						DevelopmentTeam = PF8FZC9FJZ;
					};
					442D360B1A683F7C0017DDF6 = {
						CreatedOnToolsVersion = 6.1.1;
						TestTargetID = 442D35ED1A683F7B0017DDF6;
					};
				};
			};
			buildConfigurationList = 442D35E91A683F7B0017DDF6 /* Build configuration list for PBXProject "TankAttack" */;
			compatibilityVersion = "Xcode 3.2";
			developmentRegion = English;
			hasScannedForEncodings = 0;
			knownRegions = (
				en,
				Base,
			);
			mainGroup = 442D35E51A683F7B0017DDF6;
			productRefGroup = 442D35EF1A683F7B0017DDF6 /* Products */;
			projectDirPath = "";
			projectRoot = "";
			targets = (
				442D35ED1A683F7B0017DDF6 /* TankAttack */,
				442D360B1A683F7C0017DDF6 /* TankAttackTests */,
			);
		};
/* End PBXProject section */

/* Begin PBXResourcesBuildPhase section */
		442D35EC1A683F7B0017DDF6 /* Resources */ = {
			isa = PBXResourcesBuildPhase;
			buildActionMask = 2147483647;
			files = (
				441451DF1A68858200D481C0 /* .gitignore in Resources */,
				442D36071A683F7C0017DDF6 /* LaunchScreen.xib in Resources */,
				441451E01A68858200D481C0 /* dpad.png in Resources */,
				442D36041A683F7C0017DDF6 /* Images.xcassets in Resources */,
				442D35FC1A683F7B0017DDF6 /* GameScene.sks in Resources */,
				442D36021A683F7B0017DDF6 /* Main.storyboard in Resources */,
				441451E31A68858200D481C0 /* pic.png in Resources */,
				441451E21A68858200D481C0 /* joystick.png in Resources */,
			);
			runOnlyForDeploymentPostprocessing = 0;
		};
		442D360A1A683F7C0017DDF6 /* Resources */ = {
			isa = PBXResourcesBuildPhase;
			buildActionMask = 2147483647;
			files = (
			);
			runOnlyForDeploymentPostprocessing = 0;
		};
/* End PBXResourcesBuildPhase section */

/* Begin PBXSourcesBuildPhase section */
		442D35EA1A683F7B0017DDF6 /* Sources */ = {
			isa = PBXSourcesBuildPhase;
			buildActionMask = 2147483647;
			files = (
				441451F31A68C36700D481C0 /* FourthWorld.m in Sources */,
				442D36221A6840CE0017DDF6 /* GameViewController.m in Sources */,
				441451E71A68B16100D481C0 /* World.m in Sources */,
				441451ED1A68C35A00D481C0 /* SecondWorld.m in Sources */,
				441451F71A68D08B00D481C0 /* Player.m in Sources */,
				441451E11A68858200D481C0 /* Joystick.m in Sources */,
				441451F01A68C36000D481C0 /* ThirdWorld.m in Sources */,
				442D35F71A683F7B0017DDF6 /* AppDelegate.m in Sources */,
				441451E41A68858200D481C0 /* README.md in Sources */,
				442D35F41A683F7B0017DDF6 /* main.m in Sources */,
				442D36251A6849680017DDF6 /* SplashScreen.m in Sources */,
				441451EA1A68C2E900D481C0 /* FirstWorld.m in Sources */,
			);
			runOnlyForDeploymentPostprocessing = 0;
		};
		442D36081A683F7C0017DDF6 /* Sources */ = {
			isa = PBXSourcesBuildPhase;
			buildActionMask = 2147483647;
			files = (
				442D36131A683F7C0017DDF6 /* TankAttackTests.m in Sources */,
			);
			runOnlyForDeploymentPostprocessing = 0;
		};
/* End PBXSourcesBuildPhase section */

/* Begin PBXTargetDependency section */
		442D360E1A683F7C0017DDF6 /* PBXTargetDependency */ = {
			isa = PBXTargetDependency;
			target = 442D35ED1A683F7B0017DDF6 /* TankAttack */;
			targetProxy = 442D360D1A683F7C0017DDF6 /* PBXContainerItemProxy */;
		};
/* End PBXTargetDependency section */

/* Begin PBXVariantGroup section */
		442D36001A683F7B0017DDF6 /* Main.storyboard */ = {
			isa = PBXVariantGroup;
			children = (
				442D36011A683F7B0017DDF6 /* Base */,
			);
			name = Main.storyboard;
			path = ..;
			sourceTree = "<group>";
		};
		442D36051A683F7C0017DDF6 /* LaunchScreen.xib */ = {
			isa = PBXVariantGroup;
			children = (
				442D36061A683F7C0017DDF6 /* Base */,
			);
			name = LaunchScreen.xib;
			path = ..;
			sourceTree = "<group>";
		};
/* End PBXVariantGroup section */

/* Begin XCBuildConfiguration section */
		442D36141A683F7C0017DDF6 /* Debug */ = {
			isa = XCBuildConfiguration;
			buildSettings = {
				ALWAYS_SEARCH_USER_PATHS = YES;
				CLANG_CXX_LANGUAGE_STANDARD = "gnu++0x";
				CLANG_CXX_LIBRARY = "libc++";
				CLANG_ENABLE_MODULES = YES;
				CLANG_ENABLE_OBJC_ARC = YES;
				CLANG_WARN_BOOL_CONVERSION = YES;
				CLANG_WARN_CONSTANT_CONVERSION = YES;
				CLANG_WARN_DIRECT_OBJC_ISA_USAGE = YES_ERROR;
				CLANG_WARN_EMPTY_BODY = YES;
				CLANG_WARN_ENUM_CONVERSION = YES;
				CLANG_WARN_INT_CONVERSION = YES;
				CLANG_WARN_OBJC_ROOT_CLASS = YES_ERROR;
				CLANG_WARN_UNREACHABLE_CODE = YES;
				CLANG_WARN__DUPLICATE_METHOD_MATCH = YES;
				"CODE_SIGN_IDENTITY[sdk=iphoneos*]" = "iPhone Developer";
				COPY_PHASE_STRIP = NO;
				ENABLE_STRICT_OBJC_MSGSEND = YES;
				GCC_C_LANGUAGE_STANDARD = gnu99;
				GCC_DYNAMIC_NO_PIC = NO;
				GCC_OPTIMIZATION_LEVEL = 0;
				GCC_PREPROCESSOR_DEFINITIONS = (
					"DEBUG=1",
					"$(inherited)",
				);
				GCC_SYMBOLS_PRIVATE_EXTERN = NO;
				GCC_WARN_64_TO_32_BIT_CONVERSION = YES;
				GCC_WARN_ABOUT_RETURN_TYPE = YES_ERROR;
				GCC_WARN_UNDECLARED_SELECTOR = YES;
				GCC_WARN_UNINITIALIZED_AUTOS = YES_AGGRESSIVE;
				GCC_WARN_UNUSED_FUNCTION = YES;
				GCC_WARN_UNUSED_VARIABLE = YES;
				IPHONEOS_DEPLOYMENT_TARGET = 8.1;
				MTL_ENABLE_DEBUG_INFO = YES;
				ONLY_ACTIVE_ARCH = YES;
				SDKROOT = iphoneos;
			};
			name = Debug;
		};
		442D36151A683F7C0017DDF6 /* Release */ = {
			isa = XCBuildConfiguration;
			buildSettings = {
				ALWAYS_SEARCH_USER_PATHS = YES;
				CLANG_CXX_LANGUAGE_STANDARD = "gnu++0x";
				CLANG_CXX_LIBRARY = "libc++";
				CLANG_ENABLE_MODULES = YES;
				CLANG_ENABLE_OBJC_ARC = YES;
				CLANG_WARN_BOOL_CONVERSION = YES;
				CLANG_WARN_CONSTANT_CONVERSION = YES;
				CLANG_WARN_DIRECT_OBJC_ISA_USAGE = YES_ERROR;
				CLANG_WARN_EMPTY_BODY = YES;
				CLANG_WARN_ENUM_CONVERSION = YES;
				CLANG_WARN_INT_CONVERSION = YES;
				CLANG_WARN_OBJC_ROOT_CLASS = YES_ERROR;
				CLANG_WARN_UNREACHABLE_CODE = YES;
				CLANG_WARN__DUPLICATE_METHOD_MATCH = YES;
				"CODE_SIGN_IDENTITY[sdk=iphoneos*]" = "iPhone Developer";
				COPY_PHASE_STRIP = YES;
				ENABLE_NS_ASSERTIONS = NO;
				ENABLE_STRICT_OBJC_MSGSEND = YES;
				GCC_C_LANGUAGE_STANDARD = gnu99;
				GCC_WARN_64_TO_32_BIT_CONVERSION = YES;
				GCC_WARN_ABOUT_RETURN_TYPE = YES_ERROR;
				GCC_WARN_UNDECLARED_SELECTOR = YES;
				GCC_WARN_UNINITIALIZED_AUTOS = YES_AGGRESSIVE;
				GCC_WARN_UNUSED_FUNCTION = YES;
				GCC_WARN_UNUSED_VARIABLE = YES;
				IPHONEOS_DEPLOYMENT_TARGET = 8.1;
				MTL_ENABLE_DEBUG_INFO = NO;
				SDKROOT = iphoneos;
				VALIDATE_PRODUCT = YES;
			};
			name = Release;
		};
		442D36171A683F7C0017DDF6 /* Debug */ = {
			isa = XCBuildConfiguration;
			buildSettings = {
				ASSETCATALOG_COMPILER_APPICON_NAME = AppIcon;
				CODE_SIGN_IDENTITY = "iPhone Developer";
				"CODE_SIGN_IDENTITY[sdk=iphoneos*]" = "iPhone Developer";
				INFOPLIST_FILE = TankAttack/Info.plist;
				LD_RUNPATH_SEARCH_PATHS = "$(inherited) @executable_path/Frameworks";
				PRODUCT_NAME = "$(TARGET_NAME)";
				PROVISIONING_PROFILE = "";
			};
			name = Debug;
		};
		442D36181A683F7C0017DDF6 /* Release */ = {
			isa = XCBuildConfiguration;
			buildSettings = {
				ASSETCATALOG_COMPILER_APPICON_NAME = AppIcon;
				CODE_SIGN_IDENTITY = "iPhone Developer";
				"CODE_SIGN_IDENTITY[sdk=iphoneos*]" = "iPhone Developer";
				INFOPLIST_FILE = TankAttack/Info.plist;
				LD_RUNPATH_SEARCH_PATHS = "$(inherited) @executable_path/Frameworks";
				PRODUCT_NAME = "$(TARGET_NAME)";
				PROVISIONING_PROFILE = "";
			};
			name = Release;
		};
		442D361A1A683F7C0017DDF6 /* Debug */ = {
			isa = XCBuildConfiguration;
			buildSettings = {
				BUNDLE_LOADER = "$(TEST_HOST)";
				FRAMEWORK_SEARCH_PATHS = (
					"$(SDKROOT)/Developer/Library/Frameworks",
					"$(inherited)",
				);
				GCC_PREPROCESSOR_DEFINITIONS = (
					"DEBUG=1",
					"$(inherited)",
				);
				INFOPLIST_FILE = TankAttackTests/Info.plist;
				LD_RUNPATH_SEARCH_PATHS = "$(inherited) @executable_path/Frameworks @loader_path/Frameworks";
				PRODUCT_NAME = "$(TARGET_NAME)";
				TEST_HOST = "$(BUILT_PRODUCTS_DIR)/TankAttack.app/TankAttack";
			};
			name = Debug;
		};
		442D361B1A683F7C0017DDF6 /* Release */ = {
			isa = XCBuildConfiguration;
			buildSettings = {
				BUNDLE_LOADER = "$(TEST_HOST)";
				FRAMEWORK_SEARCH_PATHS = (
					"$(SDKROOT)/Developer/Library/Frameworks",
					"$(inherited)",
				);
				INFOPLIST_FILE = TankAttackTests/Info.plist;
				LD_RUNPATH_SEARCH_PATHS = "$(inherited) @executable_path/Frameworks @loader_path/Frameworks";
				PRODUCT_NAME = "$(TARGET_NAME)";
				TEST_HOST = "$(BUILT_PRODUCTS_DIR)/TankAttack.app/TankAttack";
			};
			name = Release;
		};
/* End XCBuildConfiguration section */

/* Begin XCConfigurationList section */
		442D35E91A683F7B0017DDF6 /* Build configuration list for PBXProject "TankAttack" */ = {
			isa = XCConfigurationList;
			buildConfigurations = (
				442D36141A683F7C0017DDF6 /* Debug */,
				442D36151A683F7C0017DDF6 /* Release */,
			);
			defaultConfigurationIsVisible = 0;
			defaultConfigurationName = Release;
		};
		442D36161A683F7C0017DDF6 /* Build configuration list for PBXNativeTarget "TankAttack" */ = {
			isa = XCConfigurationList;
			buildConfigurations = (
				442D36171A683F7C0017DDF6 /* Debug */,
				442D36181A683F7C0017DDF6 /* Release */,
			);
			defaultConfigurationIsVisible = 0;
			defaultConfigurationName = Release;
		};
		442D36191A683F7C0017DDF6 /* Build configuration list for PBXNativeTarget "TankAttackTests" */ = {
			isa = XCConfigurationList;
			buildConfigurations = (
				442D361A1A683F7C0017DDF6 /* Debug */,
				442D361B1A683F7C0017DDF6 /* Release */,
			);
			defaultConfigurationIsVisible = 0;
			defaultConfigurationName = Release;
		};
/* End XCConfigurationList section */
	};
	rootObject = 442D35E61A683F7B0017DDF6 /* Project object */;
}
